
Microsoft Visual Studio Solution File, Format Version 12.00
# Visual Studio Version 17
VisualStudioVersion = 17.8.34330.188
MinimumVisualStudioVersion = 10.0.40219.1
Project("{FAE04EC0-301F-11D3-BF4B-00C04F79EFBC}") = "SimpleXPathSanctions", "SimpleXPathSanctions\SimpleXPathSanctions.csproj", "{AD70F1AE-FD85-48AF-B83D-17C0D1454780}"
EndProject
Global
	GlobalSection(SolutionConfigurationPlatforms) = preSolution
		Debug|Any CPU = Debug|Any CPU
		Release|Any CPU = Release|Any CPU
	EndGlobalSection
	GlobalSection(ProjectConfigurationPlatforms) = postSolution
		{AD70F1AE-FD85-48AF-B83D-17C0D1454780}.Debug|Any CPU.ActiveCfg = Debug|Any CPU
		{AD70F1AE-FD85-48AF-B83D-17C0D1454780}.Debug|Any CPU.Build.0 = Debug|Any CPU
		{AD70F1AE-FD85-48AF-B83D-17C0D1454780}.Release|Any CPU.ActiveCfg = Release|Any CPU
		{AD70F1AE-FD85-48AF-B83D-17C0D1454780}.Release|Any CPU.Build.0 = Release|Any CPU
	EndGlobalSection
	GlobalSection(SolutionProperties) = preSolution
		HideSolutionNode = FALSE
	EndGlobalSection
	GlobalSection(ExtensibilityGlobals) = postSolution
		SolutionGuid = {EAEAEA6F-38CC-4FC5-A47B-6A4C08072792}
	EndGlobalSection
EndGlobal
